
Microsoft Visual Studio Solution File, Format Version 12.00
# Visual Studio Version 17
VisualStudioVersion = 17.2.32602.215
MinimumVisualStudioVersion = 10.0.40219.1
Project("{8BC9CEB8-8B4A-11D0-8D11-00A0C91BC942}") = "Engine", "Engine\Engine.vcxproj", "{96AAC2E1-DBAE-42CC-B5ED-39DD05AD481F}"
EndProject
Project("{8BC9CEB8-8B4A-11D0-8D11-00A0C91BC942}") = "Playground", "Playground\Playground.vcxproj", "{CDA3C18A-0ED2-4434-9DC2-FE96F6D92A1A}"
EndProject
Project("{8BC9CEB8-8B4A-11D0-8D11-00A0C91BC942}") = "Template", "Template\Template.vcxproj", "{B1CAAB5D-ED97-46B4-AC62-754092E33726}"
EndProject
Global
	GlobalSection(SolutionConfigurationPlatforms) = preSolution
		Debug|x64 = Debug|x64
		Debug|x86 = Debug|x86
		Release|x64 = Release|x64
		Release|x86 = Release|x86
	EndGlobalSection
	GlobalSection(ProjectConfigurationPlatforms) = postSolution
		{96AAC2E1-DBAE-42CC-B5ED-39DD05AD481F}.Debug|x64.ActiveCfg = Debug|x64
		{96AAC2E1-DBAE-42CC-B5ED-39DD05AD481F}.Debug|x64.Build.0 = Debug|x64
		{96AAC2E1-DBAE-42CC-B5ED-39DD05AD481F}.Debug|x86.ActiveCfg = Debug|Win32
		{96AAC2E1-DBAE-42CC-B5ED-39DD05AD481F}.Debug|x86.Build.0 = Debug|Win32
		{96AAC2E1-DBAE-42CC-B5ED-39DD05AD481F}.Release|x64.ActiveCfg = Release|x64
		{96AAC2E1-DBAE-42CC-B5ED-39DD05AD481F}.Release|x64.Build.0 = Release|x64
		{96AAC2E1-DBAE-42CC-B5ED-39DD05AD481F}.Release|x86.ActiveCfg = Release|Win32
		{96AAC2E1-DBAE-42CC-B5ED-39DD05AD481F}.Release|x86.Build.0 = Release|Win32
		{CDA3C18A-0ED2-4434-9DC2-FE96F6D92A1A}.Debug|x64.ActiveCfg = Debug|x64
		{CDA3C18A-0ED2-4434-9DC2-FE96F6D92A1A}.Debug|x64.Build.0 = Debug|x64
		{CDA3C18A-0ED2-4434-9DC2-FE96F6D92A1A}.Debug|x86.ActiveCfg = Debug|Win32
		{CDA3C18A-0ED2-4434-9DC2-FE96F6D92A1A}.Debug|x86.Build.0 = Debug|Win32
		{CDA3C18A-0ED2-4434-9DC2-FE96F6D92A1A}.Release|x64.ActiveCfg = Release|x64
		{CDA3C18A-0ED2-4434-9DC2-FE96F6D92A1A}.Release|x64.Build.0 = Release|x64
		{CDA3C18A-0ED2-4434-9DC2-FE96F6D92A1A}.Release|x86.ActiveCfg = Release|Win32
		{CDA3C18A-0ED2-4434-9DC2-FE96F6D92A1A}.Release|x86.Build.0 = Release|Win32
		{B1CAAB5D-ED97-46B4-AC62-754092E33726}.Debug|x64.ActiveCfg = Debug|x64
		{B1CAAB5D-ED97-46B4-AC62-754092E33726}.Debug|x64.Build.0 = Debug|x64
		{B1CAAB5D-ED97-46B4-AC62-754092E33726}.Debug|x86.ActiveCfg = Debug|Win32
		{B1CAAB5D-ED97-46B4-AC62-754092E33726}.Debug|x86.Build.0 = Debug|Win32
		{B1CAAB5D-ED97-46B4-AC62-754092E33726}.Release|x64.ActiveCfg = Release|x64
		{B1CAAB5D-ED97-46B4-AC62-754092E33726}.Release|x64.Build.0 = Release|x64
		{B1CAAB5D-ED97-46B4-AC62-754092E33726}.Release|x86.ActiveCfg = Release|Win32
		{B1CAAB5D-ED97-46B4-AC62-754092E33726}.Release|x86.Build.0 = Release|Win32
	EndGlobalSection
	GlobalSection(SolutionProperties) = preSolution
		HideSolutionNode = FALSE
	EndGlobalSection
	GlobalSection(ExtensibilityGlobals) = postSolution
		SolutionGuid = {2D868C86-682A-4ED9-9413-86E6330944BA}
	EndGlobalSection
EndGlobal
